
Microsoft Visual Studio Solution File, Format Version 12.00
# Visual Studio Version 17
VisualStudioVersion = 17.6.33815.320
MinimumVisualStudioVersion = 10.0.40219.1
Project("{9A19103F-16F7-4668-BE54-9A1E7A4F7556}") = "WorkdayCalculator", "WorkdayCalculator\WorkdayCalculator.csproj", "{E76F2459-D4A3-40C4-B4BF-8A33B51126DB}"
EndProject
Project("{FAE04EC0-301F-11D3-BF4B-00C04F79EFBC}") = "WorkdayCalculatorTests", "WorkdayCalculatorTests\WorkdayCalculatorTests.csproj", "{B6BDF648-5A4D-4A57-A0A8-43A9C70068F2}"
EndProject
Global
	GlobalSection(SolutionConfigurationPlatforms) = preSolution
		Debug|Any CPU = Debug|Any CPU
		Release|Any CPU = Release|Any CPU
	EndGlobalSection
	GlobalSection(ProjectConfigurationPlatforms) = postSolution
		{E76F2459-D4A3-40C4-B4BF-8A33B51126DB}.Debug|Any CPU.ActiveCfg = Debug|Any CPU
		{E76F2459-D4A3-40C4-B4BF-8A33B51126DB}.Debug|Any CPU.Build.0 = Debug|Any CPU
		{E76F2459-D4A3-40C4-B4BF-8A33B51126DB}.Release|Any CPU.ActiveCfg = Release|Any CPU
		{E76F2459-D4A3-40C4-B4BF-8A33B51126DB}.Release|Any CPU.Build.0 = Release|Any CPU
		{B6BDF648-5A4D-4A57-A0A8-43A9C70068F2}.Debug|Any CPU.ActiveCfg = Debug|Any CPU
		{B6BDF648-5A4D-4A57-A0A8-43A9C70068F2}.Debug|Any CPU.Build.0 = Debug|Any CPU
		{B6BDF648-5A4D-4A57-A0A8-43A9C70068F2}.Release|Any CPU.ActiveCfg = Release|Any CPU
		{B6BDF648-5A4D-4A57-A0A8-43A9C70068F2}.Release|Any CPU.Build.0 = Release|Any CPU
	EndGlobalSection
	GlobalSection(SolutionProperties) = preSolution
		HideSolutionNode = FALSE
	EndGlobalSection
	GlobalSection(ExtensibilityGlobals) = postSolution
		SolutionGuid = {A20A77C7-DB23-46FF-8B09-4924B9D3E04A}
	EndGlobalSection
EndGlobal
